
Microsoft Visual Studio Solution File, Format Version 12.00
# Visual Studio Version 17
VisualStudioVersion = 17.3.32811.315
MinimumVisualStudioVersion = 10.0.40219.1
Project("{9092AA53-FB77-4645-B42D-1CCCA6BD08BD}") = "Desafio-5 Motores de plantillas", "Desafio-5 Motores de plantillas\Desafio-5 Motores de plantillas.njsproj", "{F12D9413-F777-497B-9498-EA4C8BF77DE7}"
EndProject
Global
	GlobalSection(SolutionConfigurationPlatforms) = preSolution
		Debug|Any CPU = Debug|Any CPU
		Release|Any CPU = Release|Any CPU
	EndGlobalSection
	GlobalSection(ProjectConfigurationPlatforms) = postSolution
		{F12D9413-F777-497B-9498-EA4C8BF77DE7}.Debug|Any CPU.ActiveCfg = Debug|Any CPU
		{F12D9413-F777-497B-9498-EA4C8BF77DE7}.Debug|Any CPU.Build.0 = Debug|Any CPU
		{F12D9413-F777-497B-9498-EA4C8BF77DE7}.Release|Any CPU.ActiveCfg = Release|Any CPU
		{F12D9413-F777-497B-9498-EA4C8BF77DE7}.Release|Any CPU.Build.0 = Release|Any CPU
	EndGlobalSection
	GlobalSection(SolutionProperties) = preSolution
		HideSolutionNode = FALSE
	EndGlobalSection
	GlobalSection(ExtensibilityGlobals) = postSolution
		SolutionGuid = {C221B6C8-49B4-49BF-9E69-27DB36F58D27}
	EndGlobalSection
EndGlobal
