
Microsoft Visual Studio Solution File, Format Version 12.00
# Visual Studio Version 17
VisualStudioVersion = 17.4.33110.190
MinimumVisualStudioVersion = 10.0.40219.1
Project("{9092AA53-FB77-4645-B42D-1CCCA6BD08BD}") = "Desafio5-MotoresDePlantilla", "Desafio5-MotoresDePlantilla\Desafio5-MotoresDePlantilla.njsproj", "{6CD6A2DE-906D-433D-B308-B72AC36038FC}"
EndProject
Global
	GlobalSection(SolutionConfigurationPlatforms) = preSolution
		Debug|Any CPU = Debug|Any CPU
		Release|Any CPU = Release|Any CPU
	EndGlobalSection
	GlobalSection(ProjectConfigurationPlatforms) = postSolution
		{6CD6A2DE-906D-433D-B308-B72AC36038FC}.Debug|Any CPU.ActiveCfg = Debug|Any CPU
		{6CD6A2DE-906D-433D-B308-B72AC36038FC}.Debug|Any CPU.Build.0 = Debug|Any CPU
		{6CD6A2DE-906D-433D-B308-B72AC36038FC}.Release|Any CPU.ActiveCfg = Release|Any CPU
		{6CD6A2DE-906D-433D-B308-B72AC36038FC}.Release|Any CPU.Build.0 = Release|Any CPU
	EndGlobalSection
	GlobalSection(SolutionProperties) = preSolution
		HideSolutionNode = FALSE
	EndGlobalSection
	GlobalSection(ExtensibilityGlobals) = postSolution
		SolutionGuid = {DB2564C5-C5EC-49B8-A2BB-FFCFCBCACCFA}
	EndGlobalSection
EndGlobal
