
Microsoft Visual Studio Solution File, Format Version 12.00
# Visual Studio Version 17
VisualStudioVersion = 17.3.32811.315
MinimumVisualStudioVersion = 10.0.40219.1
Project("{9092AA53-FB77-4645-B42D-1CCCA6BD08BD}") = "Manejo de Archivos", "Manejo de Archivos\Manejo de Archivos.njsproj", "{D64C9C4E-F76A-4ADB-A06F-AD20F1EC2BFE}"
EndProject
Global
	GlobalSection(SolutionConfigurationPlatforms) = preSolution
		Debug|Any CPU = Debug|Any CPU
		Release|Any CPU = Release|Any CPU
	EndGlobalSection
	GlobalSection(ProjectConfigurationPlatforms) = postSolution
		{D64C9C4E-F76A-4ADB-A06F-AD20F1EC2BFE}.Debug|Any CPU.ActiveCfg = Debug|Any CPU
		{D64C9C4E-F76A-4ADB-A06F-AD20F1EC2BFE}.Debug|Any CPU.Build.0 = Debug|Any CPU
		{D64C9C4E-F76A-4ADB-A06F-AD20F1EC2BFE}.Release|Any CPU.ActiveCfg = Release|Any CPU
		{D64C9C4E-F76A-4ADB-A06F-AD20F1EC2BFE}.Release|Any CPU.Build.0 = Release|Any CPU
	EndGlobalSection
	GlobalSection(SolutionProperties) = preSolution
		HideSolutionNode = FALSE
	EndGlobalSection
	GlobalSection(ExtensibilityGlobals) = postSolution
		SolutionGuid = {9EB5175F-6CF6-43BD-A4CD-2962DC849689}
	EndGlobalSection
EndGlobal
